
Microsoft Visual Studio Solution File, Format Version 12.00
Project("{FAE04EC0-301F-11D3-BF4B-00C04F79EFBC}") = "MailingGeneratorBll", "MailingGeneratorBll\MailingGeneratorBll.csproj", "{F022D181-CAB9-4E9A-9492-F57E6F2029F3}"
EndProject
Project("{FAE04EC0-301F-11D3-BF4B-00C04F79EFBC}") = "MailingGeneratorDal", "MailingGeneratorDal\MailingGeneratorDal.csproj", "{C18DDA91-8E4C-4F9A-9E14-06D10ADAC9B5}"
EndProject
Project("{FAE04EC0-301F-11D3-BF4B-00C04F79EFBC}") = "MailingGeneratorDomain", "MailingGeneratorDomain\MailingGeneratorDomain.csproj", "{3B920175-075D-4768-94FD-1CFC3841D0CE}"
EndProject
Project("{FAE04EC0-301F-11D3-BF4B-00C04F79EFBC}") = "MailingGeneratorWebApi", "MailingGeneratorWebApi\MailingGeneratorWebApi.csproj", "{65EF1916-B61B-419E-B198-613172F6E92C}"
EndProject
Project("{FAE04EC0-301F-11D3-BF4B-00C04F79EFBC}") = "MailingGeneratorBllTests", "MailingGeneratorBllTests\MailingGeneratorBllTests.csproj", "{C528C2F6-5175-45F7-8540-CC0E7A15CEA5}"
EndProject
Global
	GlobalSection(SolutionConfigurationPlatforms) = preSolution
		Debug|Any CPU = Debug|Any CPU
		Release|Any CPU = Release|Any CPU
	EndGlobalSection
	GlobalSection(ProjectConfigurationPlatforms) = postSolution
		{F022D181-CAB9-4E9A-9492-F57E6F2029F3}.Debug|Any CPU.ActiveCfg = Debug|Any CPU
		{F022D181-CAB9-4E9A-9492-F57E6F2029F3}.Debug|Any CPU.Build.0 = Debug|Any CPU
		{F022D181-CAB9-4E9A-9492-F57E6F2029F3}.Release|Any CPU.ActiveCfg = Release|Any CPU
		{F022D181-CAB9-4E9A-9492-F57E6F2029F3}.Release|Any CPU.Build.0 = Release|Any CPU
		{C18DDA91-8E4C-4F9A-9E14-06D10ADAC9B5}.Debug|Any CPU.ActiveCfg = Debug|Any CPU
		{C18DDA91-8E4C-4F9A-9E14-06D10ADAC9B5}.Debug|Any CPU.Build.0 = Debug|Any CPU
		{C18DDA91-8E4C-4F9A-9E14-06D10ADAC9B5}.Release|Any CPU.ActiveCfg = Release|Any CPU
		{C18DDA91-8E4C-4F9A-9E14-06D10ADAC9B5}.Release|Any CPU.Build.0 = Release|Any CPU
		{3B920175-075D-4768-94FD-1CFC3841D0CE}.Debug|Any CPU.ActiveCfg = Debug|Any CPU
		{3B920175-075D-4768-94FD-1CFC3841D0CE}.Debug|Any CPU.Build.0 = Debug|Any CPU
		{3B920175-075D-4768-94FD-1CFC3841D0CE}.Release|Any CPU.ActiveCfg = Release|Any CPU
		{3B920175-075D-4768-94FD-1CFC3841D0CE}.Release|Any CPU.Build.0 = Release|Any CPU
		{65EF1916-B61B-419E-B198-613172F6E92C}.Debug|Any CPU.ActiveCfg = Debug|Any CPU
		{65EF1916-B61B-419E-B198-613172F6E92C}.Debug|Any CPU.Build.0 = Debug|Any CPU
		{65EF1916-B61B-419E-B198-613172F6E92C}.Release|Any CPU.ActiveCfg = Release|Any CPU
		{65EF1916-B61B-419E-B198-613172F6E92C}.Release|Any CPU.Build.0 = Release|Any CPU
		{C528C2F6-5175-45F7-8540-CC0E7A15CEA5}.Debug|Any CPU.ActiveCfg = Debug|Any CPU
		{C528C2F6-5175-45F7-8540-CC0E7A15CEA5}.Debug|Any CPU.Build.0 = Debug|Any CPU
		{C528C2F6-5175-45F7-8540-CC0E7A15CEA5}.Release|Any CPU.ActiveCfg = Release|Any CPU
		{C528C2F6-5175-45F7-8540-CC0E7A15CEA5}.Release|Any CPU.Build.0 = Release|Any CPU
	EndGlobalSection
EndGlobal
